{
  "lockfileVersion": 1,
  "configVersion": 1,
  "workspaces": {
    "": {
      "name": "@breakingthelines/data-adapters",
      "dependencies": {
        "@bufbuild/protobuf": "^2.0.0",
      },
      "devDependencies": {
        "@breakingthelines/protos": "^0.0.18",
        "@types/node": "^24.10.1",
        "@vitest/coverage-v8": "4.0.16",
        "bunchee": "^6.9.3",
        "oxfmt": "^0.21.0",
        "oxlint": "^1.36.0",
        "typescript": "~5.9.3",
        "vitest": "4.0.16",
      },
      "peerDependencies": {
        "@breakingthelines/protos": ">=0.0.18",
      },
    },
  },
  "packages": {
    "@babel/code-frame": ["@babel/code-frame@7.28.6", "", { "dependencies": { "@babel/helper-validator-identifier": "^7.28.5", "js-tokens": "^4.0.0", "picocolors": "^1.1.1" } }, "sha512-JYgintcMjRiCvS8mMECzaEn+m3PfoQiyqukOMCCVQtoJGYJw8j/8LBJEiqkHLkfwCcs74E3pbAUFNg7d9VNJ+Q=="],

    "@babel/helper-string-parser": ["@babel/helper-string-parser@7.27.1", "", {}, "sha512-qMlSxKbpRlAridDExk92nSobyDdpPijUq2DW6oDnUqd0iOGxmQjyqhMIihI9+zv4LPyZdRje2cavWPbCbWm3eA=="],

    "@babel/helper-validator-identifier": ["@babel/helper-validator-identifier@7.28.5", "", {}, "sha512-qSs4ifwzKJSV39ucNjsvc6WVHs6b7S03sOh2OcHF9UHfVPqWWALUsNUVzhSBiItjRZoLHx7nIarVjqKVusUZ1Q=="],

    "@babel/parser": ["@babel/parser@7.28.6", "", { "dependencies": { "@babel/types": "^7.28.6" }, "bin": "./bin/babel-parser.js" }, "sha512-TeR9zWR18BvbfPmGbLampPMW+uW1NZnJlRuuHso8i87QZNq2JRF9i6RgxRqtEq+wQGsS19NNTWr2duhnE49mfQ=="],

    "@babel/types": ["@babel/types@7.28.6", "", { "dependencies": { "@babel/helper-string-parser": "^7.27.1", "@babel/helper-validator-identifier": "^7.28.5" } }, "sha512-0ZrskXVEHSWIqZM/sQZ4EV3jZJXRkio/WCxaqKZP1g//CEWEPSfeZFcms4XeKBCHU0ZKnIkdJeU/kF+eRp5lBg=="],

    "@bcoe/v8-coverage": ["@bcoe/v8-coverage@1.0.2", "", {}, "sha512-6zABk/ECA/QYSCQ1NGiVwwbQerUCZ+TQbp64Q3AgmfNvurHH0j8TtXa1qbShXA6qqkpAj4V5W8pP6mLe1mcMqA=="],

    "@breakingthelines/protos": ["@breakingthelines/protos@0.0.18", "https://npm.pkg.github.com/download/@breakingthelines/protos/0.0.18/93ff5c09dd5b375a0391bb3bb1cf64299e5f4fe2", { "peerDependencies": { "@bufbuild/protobuf": "^2.0.0", "@connectrpc/connect": "^2.0.0" } }, "sha512-VXEki3frdrs1XEXAh84Elsd/IapRD59rTdkFswXgtRU99z+05M9QBpXle9FyUXMd9X/M05bqZg4HZ4BYO95Gyg=="],

    "@bufbuild/protobuf": ["@bufbuild/protobuf@2.11.0", "", {}, "sha512-sBXGT13cpmPR5BMgHE6UEEfEaShh5Ror6rfN3yEK5si7QVrtZg8LEPQb0VVhiLRUslD2yLnXtnRzG035J/mZXQ=="],

    "@connectrpc/connect": ["@connectrpc/connect@2.1.1", "", { "peerDependencies": { "@bufbuild/protobuf": "^2.7.0" } }, "sha512-JzhkaTvM73m2K1URT6tv53k2RwngSmCXLZJgK580qNQOXRzZRR/BCMfZw3h+90JpnG6XksP5bYT+cz0rpUzUWQ=="],

    "@esbuild/aix-ppc64": ["@esbuild/aix-ppc64@0.27.2", "", { "os": "aix", "cpu": "ppc64" }, "sha512-GZMB+a0mOMZs4MpDbj8RJp4cw+w1WV5NYD6xzgvzUJ5Ek2jerwfO2eADyI6ExDSUED+1X8aMbegahsJi+8mgpw=="],

    "@esbuild/android-arm": ["@esbuild/android-arm@0.27.2", "", { "os": "android", "cpu": "arm" }, "sha512-DVNI8jlPa7Ujbr1yjU2PfUSRtAUZPG9I1RwW4F4xFB1Imiu2on0ADiI/c3td+KmDtVKNbi+nffGDQMfcIMkwIA=="],

    "@esbuild/android-arm64": ["@esbuild/android-arm64@0.27.2", "", { "os": "android", "cpu": "arm64" }, "sha512-pvz8ZZ7ot/RBphf8fv60ljmaoydPU12VuXHImtAs0XhLLw+EXBi2BLe3OYSBslR4rryHvweW5gmkKFwTiFy6KA=="],

    "@esbuild/android-x64": ["@esbuild/android-x64@0.27.2", "", { "os": "android", "cpu": "x64" }, "sha512-z8Ank4Byh4TJJOh4wpz8g2vDy75zFL0TlZlkUkEwYXuPSgX8yzep596n6mT7905kA9uHZsf/o2OJZubl2l3M7A=="],

    "@esbuild/darwin-arm64": ["@esbuild/darwin-arm64@0.27.2", "", { "os": "darwin", "cpu": "arm64" }, "sha512-davCD2Zc80nzDVRwXTcQP/28fiJbcOwvdolL0sOiOsbwBa72kegmVU0Wrh1MYrbuCL98Omp5dVhQFWRKR2ZAlg=="],

    "@esbuild/darwin-x64": ["@esbuild/darwin-x64@0.27.2", "", { "os": "darwin", "cpu": "x64" }, "sha512-ZxtijOmlQCBWGwbVmwOF/UCzuGIbUkqB1faQRf5akQmxRJ1ujusWsb3CVfk/9iZKr2L5SMU5wPBi1UWbvL+VQA=="],

    "@esbuild/freebsd-arm64": ["@esbuild/freebsd-arm64@0.27.2", "", { "os": "freebsd", "cpu": "arm64" }, "sha512-lS/9CN+rgqQ9czogxlMcBMGd+l8Q3Nj1MFQwBZJyoEKI50XGxwuzznYdwcav6lpOGv5BqaZXqvBSiB/kJ5op+g=="],

    "@esbuild/freebsd-x64": ["@esbuild/freebsd-x64@0.27.2", "", { "os": "freebsd", "cpu": "x64" }, "sha512-tAfqtNYb4YgPnJlEFu4c212HYjQWSO/w/h/lQaBK7RbwGIkBOuNKQI9tqWzx7Wtp7bTPaGC6MJvWI608P3wXYA=="],

    "@esbuild/linux-arm": ["@esbuild/linux-arm@0.27.2", "", { "os": "linux", "cpu": "arm" }, "sha512-vWfq4GaIMP9AIe4yj1ZUW18RDhx6EPQKjwe7n8BbIecFtCQG4CfHGaHuh7fdfq+y3LIA2vGS/o9ZBGVxIDi9hw=="],

    "@esbuild/linux-arm64": ["@esbuild/linux-arm64@0.27.2", "", { "os": "linux", "cpu": "arm64" }, "sha512-hYxN8pr66NsCCiRFkHUAsxylNOcAQaxSSkHMMjcpx0si13t1LHFphxJZUiGwojB1a/Hd5OiPIqDdXONia6bhTw=="],

    "@esbuild/linux-ia32": ["@esbuild/linux-ia32@0.27.2", "", { "os": "linux", "cpu": "ia32" }, "sha512-MJt5BRRSScPDwG2hLelYhAAKh9imjHK5+NE/tvnRLbIqUWa+0E9N4WNMjmp/kXXPHZGqPLxggwVhz7QP8CTR8w=="],

    "@esbuild/linux-loong64": ["@esbuild/linux-loong64@0.27.2", "", { "os": "linux", "cpu": "none" }, "sha512-lugyF1atnAT463aO6KPshVCJK5NgRnU4yb3FUumyVz+cGvZbontBgzeGFO1nF+dPueHD367a2ZXe1NtUkAjOtg=="],

    "@esbuild/linux-mips64el": ["@esbuild/linux-mips64el@0.27.2", "", { "os": "linux", "cpu": "none" }, "sha512-nlP2I6ArEBewvJ2gjrrkESEZkB5mIoaTswuqNFRv/WYd+ATtUpe9Y09RnJvgvdag7he0OWgEZWhviS1OTOKixw=="],

    "@esbuild/linux-ppc64": ["@esbuild/linux-ppc64@0.27.2", "", { "os": "linux", "cpu": "ppc64" }, "sha512-C92gnpey7tUQONqg1n6dKVbx3vphKtTHJaNG2Ok9lGwbZil6DrfyecMsp9CrmXGQJmZ7iiVXvvZH6Ml5hL6XdQ=="],

    "@esbuild/linux-riscv64": ["@esbuild/linux-riscv64@0.27.2", "", { "os": "linux", "cpu": "none" }, "sha512-B5BOmojNtUyN8AXlK0QJyvjEZkWwy/FKvakkTDCziX95AowLZKR6aCDhG7LeF7uMCXEJqwa8Bejz5LTPYm8AvA=="],

    "@esbuild/linux-s390x": ["@esbuild/linux-s390x@0.27.2", "", { "os": "linux", "cpu": "s390x" }, "sha512-p4bm9+wsPwup5Z8f4EpfN63qNagQ47Ua2znaqGH6bqLlmJ4bx97Y9JdqxgGZ6Y8xVTixUnEkoKSHcpRlDnNr5w=="],

    "@esbuild/linux-x64": ["@esbuild/linux-x64@0.27.2", "", { "os": "linux", "cpu": "x64" }, "sha512-uwp2Tip5aPmH+NRUwTcfLb+W32WXjpFejTIOWZFw/v7/KnpCDKG66u4DLcurQpiYTiYwQ9B7KOeMJvLCu/OvbA=="],

    "@esbuild/netbsd-arm64": ["@esbuild/netbsd-arm64@0.27.2", "", { "os": "none", "cpu": "arm64" }, "sha512-Kj6DiBlwXrPsCRDeRvGAUb/LNrBASrfqAIok+xB0LxK8CHqxZ037viF13ugfsIpePH93mX7xfJp97cyDuTZ3cw=="],

    "@esbuild/netbsd-x64": ["@esbuild/netbsd-x64@0.27.2", "", { "os": "none", "cpu": "x64" }, "sha512-HwGDZ0VLVBY3Y+Nw0JexZy9o/nUAWq9MlV7cahpaXKW6TOzfVno3y3/M8Ga8u8Yr7GldLOov27xiCnqRZf0tCA=="],

    "@esbuild/openbsd-arm64": ["@esbuild/openbsd-arm64@0.27.2", "", { "os": "openbsd", "cpu": "arm64" }, "sha512-DNIHH2BPQ5551A7oSHD0CKbwIA/Ox7+78/AWkbS5QoRzaqlev2uFayfSxq68EkonB+IKjiuxBFoV8ESJy8bOHA=="],

    "@esbuild/openbsd-x64": ["@esbuild/openbsd-x64@0.27.2", "", { "os": "openbsd", "cpu": "x64" }, "sha512-/it7w9Nb7+0KFIzjalNJVR5bOzA9Vay+yIPLVHfIQYG/j+j9VTH84aNB8ExGKPU4AzfaEvN9/V4HV+F+vo8OEg=="],

    "@esbuild/openharmony-arm64": ["@esbuild/openharmony-arm64@0.27.2", "", { "os": "none", "cpu": "arm64" }, "sha512-LRBbCmiU51IXfeXk59csuX/aSaToeG7w48nMwA6049Y4J4+VbWALAuXcs+qcD04rHDuSCSRKdmY63sruDS5qag=="],

    "@esbuild/sunos-x64": ["@esbuild/sunos-x64@0.27.2", "", { "os": "sunos", "cpu": "x64" }, "sha512-kMtx1yqJHTmqaqHPAzKCAkDaKsffmXkPHThSfRwZGyuqyIeBvf08KSsYXl+abf5HDAPMJIPnbBfXvP2ZC2TfHg=="],

    "@esbuild/win32-arm64": ["@esbuild/win32-arm64@0.27.2", "", { "os": "win32", "cpu": "arm64" }, "sha512-Yaf78O/B3Kkh+nKABUF++bvJv5Ijoy9AN1ww904rOXZFLWVc5OLOfL56W+C8F9xn5JQZa3UX6m+IktJnIb1Jjg=="],

    "@esbuild/win32-ia32": ["@esbuild/win32-ia32@0.27.2", "", { "os": "win32", "cpu": "ia32" }, "sha512-Iuws0kxo4yusk7sw70Xa2E2imZU5HoixzxfGCdxwBdhiDgt9vX9VUCBhqcwY7/uh//78A1hMkkROMJq9l27oLQ=="],

    "@esbuild/win32-x64": ["@esbuild/win32-x64@0.27.2", "", { "os": "win32", "cpu": "x64" }, "sha512-sRdU18mcKf7F+YgheI/zGf5alZatMUTKj/jNS6l744f9u3WFu4v7twcUI9vu4mknF4Y9aDlblIie0IM+5xxaqQ=="],

    "@fastify/deepmerge": ["@fastify/deepmerge@1.3.0", "", {}, "sha512-J8TOSBq3SoZbDhM9+R/u77hP93gz/rajSA+K2kGyijPpORPWUXHUpTaleoj+92As0S9uPRP7Oi8IqMf0u+ro6A=="],

    "@jridgewell/resolve-uri": ["@jridgewell/resolve-uri@3.1.2", "", {}, "sha512-bRISgCIjP20/tbWSPWMEi54QVPRZExkuD9lJL+UIxUKtwVJA8wW1Trb1jMs1RFXo1CBTNZ/5hpC9QvmKWdopKw=="],

    "@jridgewell/sourcemap-codec": ["@jridgewell/sourcemap-codec@1.5.5", "", {}, "sha512-cYQ9310grqxueWbl+WuIUIaiUaDcj7WOq5fVhEljNVgRfOUhY9fy2zTvfoqWsnebh8Sl70VScFbICvJnLKB0Og=="],

    "@jridgewell/trace-mapping": ["@jridgewell/trace-mapping@0.3.31", "", { "dependencies": { "@jridgewell/resolve-uri": "^3.1.0", "@jridgewell/sourcemap-codec": "^1.4.14" } }, "sha512-zzNR+SdQSDJzc8joaeP8QQoCQr8NuYx2dIIytl1QeBEZHJ9uW6hebsrYgbz8hJwUQao3TWCMtmfV8Nu1twOLAw=="],

    "@oxfmt/darwin-arm64": ["@oxfmt/darwin-arm64@0.21.0", "", { "os": "darwin", "cpu": "arm64" }, "sha512-defgGcchFCq2F7f5Nr3E4VXYW1sUhBGmIejgcPZ1gSsc8FAeT+vP5cSeGnDv+kcX+OKFDt89C67c31qZ6yZBsQ=="],

    "@oxfmt/darwin-x64": ["@oxfmt/darwin-x64@0.21.0", "", { "os": "darwin", "cpu": "x64" }, "sha512-rYJinOZRabPF2V3kn0TWX4vcYHV2F+DkGewNP8HZ/OXQ3CEJKP+E7KCnEz/x614g3/S5J7cahr9l5Mr3AEZigA=="],

    "@oxfmt/linux-arm64-gnu": ["@oxfmt/linux-arm64-gnu@0.21.0", "", { "os": "linux", "cpu": "arm64" }, "sha512-ILTv8stX3r2gK+pgSc2alJrbpI4i8zlLXzuuhUsjeEN/Ti//Z38MDi6kTov3pzcaBEnQ/xEMgQyczokp7jpyyQ=="],

    "@oxfmt/linux-arm64-musl": ["@oxfmt/linux-arm64-musl@0.21.0", "", { "os": "linux", "cpu": "arm64" }, "sha512-kFZ0vPJzsGjkrwq2MPEpp8TjV7/Znv9kCEwLF+HcFwvfcSt75dWloGmTRRrViH0ACaCM7YBSDUOV8E4nyLvxPA=="],

    "@oxfmt/linux-x64-gnu": ["@oxfmt/linux-x64-gnu@0.21.0", "", { "os": "linux", "cpu": "x64" }, "sha512-VH8ZcS2TkTBE0v9cLxjNGX++vB9Xvx/7VTFrbwHYzY/fYypYTwQ+n1KplUQoU+LrMC0nKqwPWYzvA5/cAfo5zg=="],

    "@oxfmt/linux-x64-musl": ["@oxfmt/linux-x64-musl@0.21.0", "", { "os": "linux", "cpu": "x64" }, "sha512-qleaVEFHw/kmbvNj3hjobX1kwbP2/d7SVJzQjyEFULou1v3EZj7jWbblIu7GmDCSspdiEk1j/pZDYH801Dn8QA=="],

    "@oxfmt/win32-arm64": ["@oxfmt/win32-arm64@0.21.0", "", { "os": "win32", "cpu": "arm64" }, "sha512-JLZUo5qEyJfxhoj6KEU/CqI8FQlzIP8rBq7qGTq0kCJ2yZJC9tysBqJYZXvX88ShiNe89/T/H3khodaKGBBNgg=="],

    "@oxfmt/win32-x64": ["@oxfmt/win32-x64@0.21.0", "", { "os": "win32", "cpu": "x64" }, "sha512-DYNpbuPzUhTuWUIqDhwSaV1mK+VcknD4ANaEON+/ygaNGriSZ4pRUt1BTRcXfcOF9GZ4BO9udjv31S0bAEsFeQ=="],

    "@oxlint/darwin-arm64": ["@oxlint/darwin-arm64@1.41.0", "", { "os": "darwin", "cpu": "arm64" }, "sha512-K0Bs0cNW11oWdSrKmrollKF44HMM2HKr4QidZQHMlhJcSX8pozxv0V5FLdqB4sddzCY0J9Wuuw+oRAfR8sdRwA=="],

    "@oxlint/darwin-x64": ["@oxlint/darwin-x64@1.41.0", "", { "os": "darwin", "cpu": "x64" }, "sha512-1LCCXCe9nN8LbrJ1QOGari2HqnxrZrveYKysWDIg8gFsQglIg00XF/8lRbA0kWHMdLgt4X0wfNYhhFz+c3XXLQ=="],

    "@oxlint/linux-arm64-gnu": ["@oxlint/linux-arm64-gnu@1.41.0", "", { "os": "linux", "cpu": "arm64" }, "sha512-Fow7H84Bs8XxuaK1yfSEWBC8HI7rfEQB9eR2A0J61un1WgCas7jNrt1HbT6+p6KmUH2bhR+r/RDu/6JFAvvj4g=="],

    "@oxlint/linux-arm64-musl": ["@oxlint/linux-arm64-musl@1.41.0", "", { "os": "linux", "cpu": "arm64" }, "sha512-WoRRDNwgP5W3rjRh42Zdx8ferYnqpKoYCv2QQLenmdrLjRGYwAd52uywfkcS45mKEWHeY1RPwPkYCSROXiGb2w=="],

    "@oxlint/linux-x64-gnu": ["@oxlint/linux-x64-gnu@1.41.0", "", { "os": "linux", "cpu": "x64" }, "sha512-75k3CKj3fOc/a/2aSgO81s3HsTZOFROthPJ+UI2Oatic1LhvH6eKjKfx3jDDyVpzeDS2qekPlc/y3N33iZz5Og=="],

    "@oxlint/linux-x64-musl": ["@oxlint/linux-x64-musl@1.41.0", "", { "os": "linux", "cpu": "x64" }, "sha512-8r82eBwGPoAPn67ZvdxTlX/Z3gVb+ZtN6nbkyFzwwHWAh8yGutX+VBcVkyrePSl6XgBP4QAaddPnHmkvJjqY0g=="],

    "@oxlint/win32-arm64": ["@oxlint/win32-arm64@1.41.0", "", { "os": "win32", "cpu": "arm64" }, "sha512-aK+DAcckQsNCOXKruatyYuY/ROjNiRejQB1PeJtkZwM21+8rV9ODYbvKNvt0pW+YCws7svftBSFMCpl3ke2unw=="],

    "@oxlint/win32-x64": ["@oxlint/win32-x64@1.41.0", "", { "os": "win32", "cpu": "x64" }, "sha512-dVBXkZ6MGLd3owV7jvuqJsZwiF3qw7kEkDVsYVpS/O96eEvlHcxVbaPjJjrTBgikXqyC22vg3dxBU7MW0utGfw=="],

    "@rollup/plugin-commonjs": ["@rollup/plugin-commonjs@29.0.0", "", { "dependencies": { "@rollup/pluginutils": "^5.0.1", "commondir": "^1.0.1", "estree-walker": "^2.0.2", "fdir": "^6.2.0", "is-reference": "1.2.1", "magic-string": "^0.30.3", "picomatch": "^4.0.2" }, "peerDependencies": { "rollup": "^2.68.0||^3.0.0||^4.0.0" }, "optionalPeers": ["rollup"] }, "sha512-U2YHaxR2cU/yAiwKJtJRhnyLk7cifnQw0zUpISsocBDoHDJn+HTV74ABqnwr5bEgWUwFZC9oFL6wLe21lHu5eQ=="],

    "@rollup/plugin-json": ["@rollup/plugin-json@6.1.0", "", { "dependencies": { "@rollup/pluginutils": "^5.1.0" }, "peerDependencies": { "rollup": "^1.20.0||^2.0.0||^3.0.0||^4.0.0" }, "optionalPeers": ["rollup"] }, "sha512-EGI2te5ENk1coGeADSIwZ7G2Q8CJS2sF120T7jLw4xFw9n7wIOXHo+kIYRAoVpJAN+kmqZSoO3Fp4JtoNF4ReA=="],

    "@rollup/plugin-node-resolve": ["@rollup/plugin-node-resolve@16.0.3", "", { "dependencies": { "@rollup/pluginutils": "^5.0.1", "@types/resolve": "1.20.2", "deepmerge": "^4.2.2", "is-module": "^1.0.0", "resolve": "^1.22.1" }, "peerDependencies": { "rollup": "^2.78.0||^3.0.0||^4.0.0" }, "optionalPeers": ["rollup"] }, "sha512-lUYM3UBGuM93CnMPG1YocWu7X802BrNF3jW2zny5gQyLQgRFJhV1Sq0Zi74+dh/6NBx1DxFC4b4GXg9wUCG5Qg=="],

    "@rollup/plugin-replace": ["@rollup/plugin-replace@6.0.3", "", { "dependencies": { "@rollup/pluginutils": "^5.0.1", "magic-string": "^0.30.3" }, "peerDependencies": { "rollup": "^1.20.0||^2.0.0||^3.0.0||^4.0.0" }, "optionalPeers": ["rollup"] }, "sha512-J4RZarRvQAm5IF0/LwUUg+obsm+xZhYnbMXmXROyoSE1ATJe3oXSb9L5MMppdxP2ylNSjv6zFBwKYjcKMucVfA=="],

    "@rollup/plugin-wasm": ["@rollup/plugin-wasm@6.2.2", "", { "dependencies": { "@rollup/pluginutils": "^5.0.2" }, "peerDependencies": { "rollup": "^1.20.0||^2.0.0||^3.0.0||^4.0.0" }, "optionalPeers": ["rollup"] }, "sha512-gpC4R1G9Ni92ZIRTexqbhX7U+9estZrbhP+9SRb0DW9xpB9g7j34r+J2hqrcW/lRI7dJaU84MxZM0Rt82tqYPQ=="],

    "@rollup/pluginutils": ["@rollup/pluginutils@5.3.0", "", { "dependencies": { "@types/estree": "^1.0.0", "estree-walker": "^2.0.2", "picomatch": "^4.0.2" }, "peerDependencies": { "rollup": "^1.20.0||^2.0.0||^3.0.0||^4.0.0" }, "optionalPeers": ["rollup"] }, "sha512-5EdhGZtnu3V88ces7s53hhfK5KSASnJZv8Lulpc04cWO3REESroJXg73DFsOmgbU2BhwV0E20bu2IDZb3VKW4Q=="],

    "@rollup/rollup-android-arm-eabi": ["@rollup/rollup-android-arm-eabi@4.56.0", "", { "os": "android", "cpu": "arm" }, "sha512-LNKIPA5k8PF1+jAFomGe3qN3bbIgJe/IlpDBwuVjrDKrJhVWywgnJvflMt/zkbVNLFtF1+94SljYQS6e99klnw=="],

    "@rollup/rollup-android-arm64": ["@rollup/rollup-android-arm64@4.56.0", "", { "os": "android", "cpu": "arm64" }, "sha512-lfbVUbelYqXlYiU/HApNMJzT1E87UPGvzveGg2h0ktUNlOCxKlWuJ9jtfvs1sKHdwU4fzY7Pl8sAl49/XaEk6Q=="],

    "@rollup/rollup-darwin-arm64": ["@rollup/rollup-darwin-arm64@4.56.0", "", { "os": "darwin", "cpu": "arm64" }, "sha512-EgxD1ocWfhoD6xSOeEEwyE7tDvwTgZc8Bss7wCWe+uc7wO8G34HHCUH+Q6cHqJubxIAnQzAsyUsClt0yFLu06w=="],

    "@rollup/rollup-darwin-x64": ["@rollup/rollup-darwin-x64@4.56.0", "", { "os": "darwin", "cpu": "x64" }, "sha512-1vXe1vcMOssb/hOF8iv52A7feWW2xnu+c8BV4t1F//m9QVLTfNVpEdja5ia762j/UEJe2Z1jAmEqZAK42tVW3g=="],

    "@rollup/rollup-freebsd-arm64": ["@rollup/rollup-freebsd-arm64@4.56.0", "", { "os": "freebsd", "cpu": "arm64" }, "sha512-bof7fbIlvqsyv/DtaXSck4VYQ9lPtoWNFCB/JY4snlFuJREXfZnm+Ej6yaCHfQvofJDXLDMTVxWscVSuQvVWUQ=="],

    "@rollup/rollup-freebsd-x64": ["@rollup/rollup-freebsd-x64@4.56.0", "", { "os": "freebsd", "cpu": "x64" }, "sha512-KNa6lYHloW+7lTEkYGa37fpvPq+NKG/EHKM8+G/g9WDU7ls4sMqbVRV78J6LdNuVaeeK5WB9/9VAFbKxcbXKYg=="],

    "@rollup/rollup-linux-arm-gnueabihf": ["@rollup/rollup-linux-arm-gnueabihf@4.56.0", "", { "os": "linux", "cpu": "arm" }, "sha512-E8jKK87uOvLrrLN28jnAAAChNq5LeCd2mGgZF+fGF5D507WlG/Noct3lP/QzQ6MrqJ5BCKNwI9ipADB6jyiq2A=="],

    "@rollup/rollup-linux-arm-musleabihf": ["@rollup/rollup-linux-arm-musleabihf@4.56.0", "", { "os": "linux", "cpu": "arm" }, "sha512-jQosa5FMYF5Z6prEpTCCmzCXz6eKr/tCBssSmQGEeozA9tkRUty/5Vx06ibaOP9RCrW1Pvb8yp3gvZhHwTDsJw=="],

    "@rollup/rollup-linux-arm64-gnu": ["@rollup/rollup-linux-arm64-gnu@4.56.0", "", { "os": "linux", "cpu": "arm64" }, "sha512-uQVoKkrC1KGEV6udrdVahASIsaF8h7iLG0U0W+Xn14ucFwi6uS539PsAr24IEF9/FoDtzMeeJXJIBo5RkbNWvQ=="],

    "@rollup/rollup-linux-arm64-musl": ["@rollup/rollup-linux-arm64-musl@4.56.0", "", { "os": "linux", "cpu": "arm64" }, "sha512-vLZ1yJKLxhQLFKTs42RwTwa6zkGln+bnXc8ueFGMYmBTLfNu58sl5/eXyxRa2RarTkJbXl8TKPgfS6V5ijNqEA=="],

    "@rollup/rollup-linux-loong64-gnu": ["@rollup/rollup-linux-loong64-gnu@4.56.0", "", { "os": "linux", "cpu": "none" }, "sha512-FWfHOCub564kSE3xJQLLIC/hbKqHSVxy8vY75/YHHzWvbJL7aYJkdgwD/xGfUlL5UV2SB7otapLrcCj2xnF1dg=="],

    "@rollup/rollup-linux-loong64-musl": ["@rollup/rollup-linux-loong64-musl@4.56.0", "", { "os": "linux", "cpu": "none" }, "sha512-z1EkujxIh7nbrKL1lmIpqFTc/sr0u8Uk0zK/qIEFldbt6EDKWFk/pxFq3gYj4Bjn3aa9eEhYRlL3H8ZbPT1xvA=="],

    "@rollup/rollup-linux-ppc64-gnu": ["@rollup/rollup-linux-ppc64-gnu@4.56.0", "", { "os": "linux", "cpu": "ppc64" }, "sha512-iNFTluqgdoQC7AIE8Q34R3AuPrJGJirj5wMUErxj22deOcY7XwZRaqYmB6ZKFHoVGqRcRd0mqO+845jAibKCkw=="],

    "@rollup/rollup-linux-ppc64-musl": ["@rollup/rollup-linux-ppc64-musl@4.56.0", "", { "os": "linux", "cpu": "ppc64" }, "sha512-MtMeFVlD2LIKjp2sE2xM2slq3Zxf9zwVuw0jemsxvh1QOpHSsSzfNOTH9uYW9i1MXFxUSMmLpeVeUzoNOKBaWg=="],

    "@rollup/rollup-linux-riscv64-gnu": ["@rollup/rollup-linux-riscv64-gnu@4.56.0", "", { "os": "linux", "cpu": "none" }, "sha512-in+v6wiHdzzVhYKXIk5U74dEZHdKN9KH0Q4ANHOTvyXPG41bajYRsy7a8TPKbYPl34hU7PP7hMVHRvv/5aCSew=="],

    "@rollup/rollup-linux-riscv64-musl": ["@rollup/rollup-linux-riscv64-musl@4.56.0", "", { "os": "linux", "cpu": "none" }, "sha512-yni2raKHB8m9NQpI9fPVwN754mn6dHQSbDTwxdr9SE0ks38DTjLMMBjrwvB5+mXrX+C0npX0CVeCUcvvvD8CNQ=="],

    "@rollup/rollup-linux-s390x-gnu": ["@rollup/rollup-linux-s390x-gnu@4.56.0", "", { "os": "linux", "cpu": "s390x" }, "sha512-zhLLJx9nQPu7wezbxt2ut+CI4YlXi68ndEve16tPc/iwoylWS9B3FxpLS2PkmfYgDQtosah07Mj9E0khc3Y+vQ=="],

    "@rollup/rollup-linux-x64-gnu": ["@rollup/rollup-linux-x64-gnu@4.56.0", "", { "os": "linux", "cpu": "x64" }, "sha512-MVC6UDp16ZSH7x4rtuJPAEoE1RwS8N4oK9DLHy3FTEdFoUTCFVzMfJl/BVJ330C+hx8FfprA5Wqx4FhZXkj2Kw=="],

    "@rollup/rollup-linux-x64-musl": ["@rollup/rollup-linux-x64-musl@4.56.0", "", { "os": "linux", "cpu": "x64" }, "sha512-ZhGH1eA4Qv0lxaV00azCIS1ChedK0V32952Md3FtnxSqZTBTd6tgil4nZT5cU8B+SIw3PFYkvyR4FKo2oyZIHA=="],

    "@rollup/rollup-openbsd-x64": ["@rollup/rollup-openbsd-x64@4.56.0", "", { "os": "openbsd", "cpu": "x64" }, "sha512-O16XcmyDeFI9879pEcmtWvD/2nyxR9mF7Gs44lf1vGGx8Vg2DRNx11aVXBEqOQhWb92WN4z7fW/q4+2NYzCbBA=="],

    "@rollup/rollup-openharmony-arm64": ["@rollup/rollup-openharmony-arm64@4.56.0", "", { "os": "none", "cpu": "arm64" }, "sha512-LhN/Reh+7F3RCgQIRbgw8ZMwUwyqJM+8pXNT6IIJAqm2IdKkzpCh/V9EdgOMBKuebIrzswqy4ATlrDgiOwbRcQ=="],

    "@rollup/rollup-win32-arm64-msvc": ["@rollup/rollup-win32-arm64-msvc@4.56.0", "", { "os": "win32", "cpu": "arm64" }, "sha512-kbFsOObXp3LBULg1d3JIUQMa9Kv4UitDmpS+k0tinPBz3watcUiV2/LUDMMucA6pZO3WGE27P7DsfaN54l9ing=="],

    "@rollup/rollup-win32-ia32-msvc": ["@rollup/rollup-win32-ia32-msvc@4.56.0", "", { "os": "win32", "cpu": "ia32" }, "sha512-vSSgny54D6P4vf2izbtFm/TcWYedw7f8eBrOiGGecyHyQB9q4Kqentjaj8hToe+995nob/Wv48pDqL5a62EWtg=="],

    "@rollup/rollup-win32-x64-gnu": ["@rollup/rollup-win32-x64-gnu@4.56.0", "", { "os": "win32", "cpu": "x64" }, "sha512-FeCnkPCTHQJFbiGG49KjV5YGW/8b9rrXAM2Mz2kiIoktq2qsJxRD5giEMEOD2lPdgs72upzefaUvS+nc8E3UzQ=="],

    "@rollup/rollup-win32-x64-msvc": ["@rollup/rollup-win32-x64-msvc@4.56.0", "", { "os": "win32", "cpu": "x64" }, "sha512-H8AE9Ur/t0+1VXujj90w0HrSOuv0Nq9r1vSZF2t5km20NTfosQsGGUXDaKdQZzwuLts7IyL1fYT4hM95TI9c4g=="],

    "@standard-schema/spec": ["@standard-schema/spec@1.1.0", "", {}, "sha512-l2aFy5jALhniG5HgqrD6jXLi/rUWrKvqN/qJx6yoJsgKhblVd+iqqU4RCXavm/jPityDo5TCvKMnpjKnOriy0w=="],

    "@swc/core": ["@swc/core@1.15.10", "", { "dependencies": { "@swc/counter": "^0.1.3", "@swc/types": "^0.1.25" }, "optionalDependencies": { "@swc/core-darwin-arm64": "1.15.10", "@swc/core-darwin-x64": "1.15.10", "@swc/core-linux-arm-gnueabihf": "1.15.10", "@swc/core-linux-arm64-gnu": "1.15.10", "@swc/core-linux-arm64-musl": "1.15.10", "@swc/core-linux-x64-gnu": "1.15.10", "@swc/core-linux-x64-musl": "1.15.10", "@swc/core-win32-arm64-msvc": "1.15.10", "@swc/core-win32-ia32-msvc": "1.15.10", "@swc/core-win32-x64-msvc": "1.15.10" }, "peerDependencies": { "@swc/helpers": ">=0.5.17" }, "optionalPeers": ["@swc/helpers"] }, "sha512-udNofxftduMUEv7nqahl2nvodCiCDQ4Ge0ebzsEm6P8s0RC2tBM0Hqx0nNF5J/6t9uagFJyWIDjXy3IIWMHDJw=="],

    "@swc/core-darwin-arm64": ["@swc/core-darwin-arm64@1.15.10", "", { "os": "darwin", "cpu": "arm64" }, "sha512-U72pGqmJYbjrLhMndIemZ7u9Q9owcJczGxwtfJlz/WwMaGYAV/g4nkGiUVk/+QSX8sFCAjanovcU1IUsP2YulA=="],

    "@swc/core-darwin-x64": ["@swc/core-darwin-x64@1.15.10", "", { "os": "darwin", "cpu": "x64" }, "sha512-NZpDXtwHH083L40xdyj1sY31MIwLgOxKfZEAGCI8xHXdHa+GWvEiVdGiu4qhkJctoHFzAEc7ZX3GN5phuJcPuQ=="],

    "@swc/core-linux-arm-gnueabihf": ["@swc/core-linux-arm-gnueabihf@1.15.10", "", { "os": "linux", "cpu": "arm" }, "sha512-ioieF5iuRziUF1HkH1gg1r93e055dAdeBAPGAk40VjqpL5/igPJ/WxFHGvc6WMLhUubSJI4S0AiZAAhEAp1jDg=="],

    "@swc/core-linux-arm64-gnu": ["@swc/core-linux-arm64-gnu@1.15.10", "", { "os": "linux", "cpu": "arm64" }, "sha512-tD6BClOrxSsNus9cJL7Gxdv7z7Y2hlyvZd9l0NQz+YXzmTWqnfzLpg16ovEI7gknH2AgDBB5ywOsqu8hUgSeEQ=="],

    "@swc/core-linux-arm64-musl": ["@swc/core-linux-arm64-musl@1.15.10", "", { "os": "linux", "cpu": "arm64" }, "sha512-4uAHO3nbfbrTcmO/9YcVweTQdx5fN3l7ewwl5AEK4yoC4wXmoBTEPHAVdKNe4r9+xrTgd4BgyPsy0409OjjlMw=="],

    "@swc/core-linux-x64-gnu": ["@swc/core-linux-x64-gnu@1.15.10", "", { "os": "linux", "cpu": "x64" }, "sha512-W0h9ONNw1pVIA0cN7wtboOSTl4Jk3tHq+w2cMPQudu9/+3xoCxpFb9ZdehwCAk29IsvdWzGzY6P7dDVTyFwoqg=="],

    "@swc/core-linux-x64-musl": ["@swc/core-linux-x64-musl@1.15.10", "", { "os": "linux", "cpu": "x64" }, "sha512-XQNZlLZB62S8nAbw7pqoqwy91Ldy2RpaMRqdRN3T+tAg6Xg6FywXRKCsLh6IQOadr4p1+lGnqM/Wn35z5a/0Vw=="],

    "@swc/core-win32-arm64-msvc": ["@swc/core-win32-arm64-msvc@1.15.10", "", { "os": "win32", "cpu": "arm64" }, "sha512-qnAGrRv5Nj/DATxAmCnJQRXXQqnJwR0trxLndhoHoxGci9MuguNIjWahS0gw8YZFjgTinbTxOwzatkoySihnmw=="],

    "@swc/core-win32-ia32-msvc": ["@swc/core-win32-ia32-msvc@1.15.10", "", { "os": "win32", "cpu": "ia32" }, "sha512-i4X/q8QSvzVlaRtv1xfnfl+hVKpCfiJ+9th484rh937fiEZKxZGf51C+uO0lfKDP1FfnT6C1yBYwHy7FLBVXFw=="],

    "@swc/core-win32-x64-msvc": ["@swc/core-win32-x64-msvc@1.15.10", "", { "os": "win32", "cpu": "x64" }, "sha512-HvY8XUFuoTXn6lSccDLYFlXv1SU/PzYi4PyUqGT++WfTnbw/68N/7BdUZqglGRwiSqr0qhYt/EhmBpULj0J9rA=="],

    "@swc/counter": ["@swc/counter@0.1.3", "", {}, "sha512-e2BR4lsJkkRlKZ/qCHPw9ZaSxc0MVUd7gtbtaB7aMvHeJVYe8sOB8DBZkP2DtISHGSku9sCK6T6cnY0CtXrOCQ=="],

    "@swc/helpers": ["@swc/helpers@0.5.18", "", { "dependencies": { "tslib": "^2.8.0" } }, "sha512-TXTnIcNJQEKwThMMqBXsZ4VGAza6bvN4pa41Rkqoio6QBKMvo+5lexeTMScGCIxtzgQJzElcvIltani+adC5PQ=="],

    "@swc/types": ["@swc/types@0.1.25", "", { "dependencies": { "@swc/counter": "^0.1.3" } }, "sha512-iAoY/qRhNH8a/hBvm3zKj9qQ4oc2+3w1unPJa2XvTK3XjeLXtzcCingVPw/9e5mn1+0yPqxcBGp9Jf0pkfMb1g=="],

    "@types/chai": ["@types/chai@5.2.3", "", { "dependencies": { "@types/deep-eql": "*", "assertion-error": "^2.0.1" } }, "sha512-Mw558oeA9fFbv65/y4mHtXDs9bPnFMZAL/jxdPFUpOHHIXX91mcgEHbS5Lahr+pwZFR8A7GQleRWeI6cGFC2UA=="],

    "@types/deep-eql": ["@types/deep-eql@4.0.2", "", {}, "sha512-c9h9dVVMigMPc4bwTvC5dxqtqJZwQPePsWjPlpSOnojbor6pGqdk541lfA7AqFQr5pB1BRdq0juY9db81BwyFw=="],

    "@types/estree": ["@types/estree@1.0.8", "", {}, "sha512-dWHzHa2WqEXI/O1E9OjrocMTKJl2mSrEolh1Iomrv6U+JuNwaHXsXx9bLu5gG7BUWFIN0skIQJQ/L1rIex4X6w=="],

    "@types/node": ["@types/node@24.10.9", "", { "dependencies": { "undici-types": "~7.16.0" } }, "sha512-ne4A0IpG3+2ETuREInjPNhUGis1SFjv1d5asp8MzEAGtOZeTeHVDOYqOgqfhvseqg/iXty2hjBf1zAOb7RNiNw=="],

    "@types/resolve": ["@types/resolve@1.20.2", "", {}, "sha512-60BCwRFOZCQhDncwQdxxeOEEkbc5dIMccYLwbxsS4TUNeVECQ/pBJ0j09mrHOl/JJvpRPGwO9SvE4nR2Nb/a4Q=="],

    "@vitest/coverage-v8": ["@vitest/coverage-v8@4.0.16", "", { "dependencies": { "@bcoe/v8-coverage": "^1.0.2", "@vitest/utils": "4.0.16", "ast-v8-to-istanbul": "^0.3.8", "istanbul-lib-coverage": "^3.2.2", "istanbul-lib-report": "^3.0.1", "istanbul-lib-source-maps": "^5.0.6", "istanbul-reports": "^3.2.0", "magicast": "^0.5.1", "obug": "^2.1.1", "std-env": "^3.10.0", "tinyrainbow": "^3.0.3" }, "peerDependencies": { "@vitest/browser": "4.0.16", "vitest": "4.0.16" }, "optionalPeers": ["@vitest/browser"] }, "sha512-2rNdjEIsPRzsdu6/9Eq0AYAzYdpP6Bx9cje9tL3FE5XzXRQF1fNU9pe/1yE8fCrS0HD+fBtt6gLPh6LI57tX7A=="],

    "@vitest/expect": ["@vitest/expect@4.0.16", "", { "dependencies": { "@standard-schema/spec": "^1.0.0", "@types/chai": "^5.2.2", "@vitest/spy": "4.0.16", "@vitest/utils": "4.0.16", "chai": "^6.2.1", "tinyrainbow": "^3.0.3" } }, "sha512-eshqULT2It7McaJkQGLkPjPjNph+uevROGuIMJdG3V+0BSR2w9u6J9Lwu+E8cK5TETlfou8GRijhafIMhXsimA=="],

    "@vitest/mocker": ["@vitest/mocker@4.0.16", "", { "dependencies": { "@vitest/spy": "4.0.16", "estree-walker": "^3.0.3", "magic-string": "^0.30.21" }, "peerDependencies": { "msw": "^2.4.9", "vite": "^6.0.0 || ^7.0.0-0" }, "optionalPeers": ["msw", "vite"] }, "sha512-yb6k4AZxJTB+q9ycAvsoxGn+j/po0UaPgajllBgt1PzoMAAmJGYFdDk0uCcRcxb3BrME34I6u8gHZTQlkqSZpg=="],

    "@vitest/pretty-format": ["@vitest/pretty-format@4.0.16", "", { "dependencies": { "tinyrainbow": "^3.0.3" } }, "sha512-eNCYNsSty9xJKi/UdVD8Ou16alu7AYiS2fCPRs0b1OdhJiV89buAXQLpTbe+X8V9L6qrs9CqyvU7OaAopJYPsA=="],

    "@vitest/runner": ["@vitest/runner@4.0.16", "", { "dependencies": { "@vitest/utils": "4.0.16", "pathe": "^2.0.3" } }, "sha512-VWEDm5Wv9xEo80ctjORcTQRJ539EGPB3Pb9ApvVRAY1U/WkHXmmYISqU5E79uCwcW7xYUV38gwZD+RV755fu3Q=="],

    "@vitest/snapshot": ["@vitest/snapshot@4.0.16", "", { "dependencies": { "@vitest/pretty-format": "4.0.16", "magic-string": "^0.30.21", "pathe": "^2.0.3" } }, "sha512-sf6NcrYhYBsSYefxnry+DR8n3UV4xWZwWxYbCJUt2YdvtqzSPR7VfGrY0zsv090DAbjFZsi7ZaMi1KnSRyK1XA=="],

    "@vitest/spy": ["@vitest/spy@4.0.16", "", {}, "sha512-4jIOWjKP0ZUaEmJm00E0cOBLU+5WE0BpeNr3XN6TEF05ltro6NJqHWxXD0kA8/Zc8Nh23AT8WQxwNG+WeROupw=="],

    "@vitest/utils": ["@vitest/utils@4.0.16", "", { "dependencies": { "@vitest/pretty-format": "4.0.16", "tinyrainbow": "^3.0.3" } }, "sha512-h8z9yYhV3e1LEfaQ3zdypIrnAg/9hguReGZoS7Gl0aBG5xgA410zBqECqmaF/+RkTggRsfnzc1XaAHA6bmUufA=="],

    "ansi-regex": ["ansi-regex@5.0.1", "", {}, "sha512-quJQXlTSUGL2LH9SUXo8VwsY4soanhgo6LNSm84E1LBcE8s3O0wpdiRzyR9z/ZZJMlMWv37qOOb9pdJlMUEKFQ=="],

    "ansi-styles": ["ansi-styles@4.3.0", "", { "dependencies": { "color-convert": "^2.0.1" } }, "sha512-zbB9rCJAT1rbjiVDb2hqKFHNYLxgtk8NURxZ3IZwD3F6NtxbXZQCnnSi1Lkx+IDohdPlFp222wVALIheZJQSEg=="],

    "assertion-error": ["assertion-error@2.0.1", "", {}, "sha512-Izi8RQcffqCeNVgFigKli1ssklIbpHnCYc6AknXGYoB6grJqyeby7jv12JUQgmTAnIDnbck1uxksT4dzN3PWBA=="],

    "ast-v8-to-istanbul": ["ast-v8-to-istanbul@0.3.10", "", { "dependencies": { "@jridgewell/trace-mapping": "^0.3.31", "estree-walker": "^3.0.3", "js-tokens": "^9.0.1" } }, "sha512-p4K7vMz2ZSk3wN8l5o3y2bJAoZXT3VuJI5OLTATY/01CYWumWvwkUw0SqDBnNq6IiTO3qDa1eSQDibAV8g7XOQ=="],

    "bunchee": ["bunchee@6.9.4", "", { "dependencies": { "@rollup/plugin-commonjs": "^29.0.0", "@rollup/plugin-json": "^6.1.0", "@rollup/plugin-node-resolve": "^16.0.1", "@rollup/plugin-replace": "^6.0.2", "@rollup/plugin-wasm": "^6.2.2", "@rollup/pluginutils": "^5.1.4", "@swc/core": "^1.13.3", "@swc/helpers": "^0.5.17", "clean-css": "^5.3.3", "magic-string": "^0.30.17", "nanospinner": "^1.2.2", "picomatch": "^4.0.2", "pretty-bytes": "^5.6.0", "rollup": "^4.52.4", "rollup-plugin-dts": "^6.3.0", "rollup-plugin-swc3": "^0.11.1", "rollup-preserve-directives": "^1.1.3", "tinyglobby": "^0.2.14", "tslib": "^2.8.1", "yargs": "^17.7.2" }, "peerDependencies": { "typescript": "^4.1 || ^5.0" }, "optionalPeers": ["typescript"], "bin": { "bunchee": "dist/bin/cli.js" } }, "sha512-bwK6R+fVYbJp49elqL+L0ZYhEuaKraALVjuZLxb+eXcT1oCjPyQVBzYYG50o4fhzqdKyDSCk1mrJUvBSvlUULg=="],

    "chai": ["chai@6.2.2", "", {}, "sha512-NUPRluOfOiTKBKvWPtSD4PhFvWCqOi0BGStNWs57X9js7XGTprSmFoz5F0tWhR4WPjNeR9jXqdC7/UpSJTnlRg=="],

    "clean-css": ["clean-css@5.3.3", "", { "dependencies": { "source-map": "~0.6.0" } }, "sha512-D5J+kHaVb/wKSFcyyV75uCn8fiY4sV38XJoe4CUyGQ+mOU/fMVYUdH1hJC+CJQ5uY3EnW27SbJYS4X8BiLrAFg=="],

    "cliui": ["cliui@8.0.1", "", { "dependencies": { "string-width": "^4.2.0", "strip-ansi": "^6.0.1", "wrap-ansi": "^7.0.0" } }, "sha512-BSeNnyus75C4//NQ9gQt1/csTXyo/8Sb+afLAkzAptFuMsod9HFokGNudZpi/oQV73hnVK+sR+5PVRMd+Dr7YQ=="],

    "color-convert": ["color-convert@2.0.1", "", { "dependencies": { "color-name": "~1.1.4" } }, "sha512-RRECPsj7iu/xb5oKYcsFHSppFNnsj/52OVTRKb4zP5onXwVF3zVmmToNcOfGC+CRDpfK/U584fMg38ZHCaElKQ=="],

    "color-name": ["color-name@1.1.4", "", {}, "sha512-dOy+3AuW3a2wNbZHIuMZpTcgjGuLU/uBL/ubcZF9OXbDo8ff4O8yVp5Bf0efS8uEoYo5q4Fx7dY9OgQGXgAsQA=="],

    "commondir": ["commondir@1.0.1", "", {}, "sha512-W9pAhw0ja1Edb5GVdIF1mjZw/ASI0AlShXM83UUGe2DVr5TdAPEA1OA8m/g8zWp9x6On7gqufY+FatDbC3MDQg=="],

    "debug": ["debug@4.4.3", "", { "dependencies": { "ms": "^2.1.3" } }, "sha512-RGwwWnwQvkVfavKVt22FGLw+xYSdzARwm0ru6DhTVA3umU5hZc28V3kO4stgYryrTlLpuvgI9GiijltAjNbcqA=="],

    "deepmerge": ["deepmerge@4.3.1", "", {}, "sha512-3sUqbMEc77XqpdNO7FRyRog+eW3ph+GYCbj+rK+uYyRMuwsVy0rMiVtPn+QJlKFvWP/1PYpapqYn0Me2knFn+A=="],

    "emoji-regex": ["emoji-regex@8.0.0", "", {}, "sha512-MSjYzcWNOA0ewAHpz0MxpYFvwg6yjy1NG3xteoqz644VCo/RPgnr1/GGt+ic3iJTzQ8Eu3TdM14SawnVUmGE6A=="],

    "es-module-lexer": ["es-module-lexer@1.7.0", "", {}, "sha512-jEQoCwk8hyb2AZziIOLhDqpm5+2ww5uIE6lkO/6jcOCusfk6LhMHpXXfBLXTZ7Ydyt0j4VoUQv6uGNYbdW+kBA=="],

    "esbuild": ["esbuild@0.27.2", "", { "optionalDependencies": { "@esbuild/aix-ppc64": "0.27.2", "@esbuild/android-arm": "0.27.2", "@esbuild/android-arm64": "0.27.2", "@esbuild/android-x64": "0.27.2", "@esbuild/darwin-arm64": "0.27.2", "@esbuild/darwin-x64": "0.27.2", "@esbuild/freebsd-arm64": "0.27.2", "@esbuild/freebsd-x64": "0.27.2", "@esbuild/linux-arm": "0.27.2", "@esbuild/linux-arm64": "0.27.2", "@esbuild/linux-ia32": "0.27.2", "@esbuild/linux-loong64": "0.27.2", "@esbuild/linux-mips64el": "0.27.2", "@esbuild/linux-ppc64": "0.27.2", "@esbuild/linux-riscv64": "0.27.2", "@esbuild/linux-s390x": "0.27.2", "@esbuild/linux-x64": "0.27.2", "@esbuild/netbsd-arm64": "0.27.2", "@esbuild/netbsd-x64": "0.27.2", "@esbuild/openbsd-arm64": "0.27.2", "@esbuild/openbsd-x64": "0.27.2", "@esbuild/openharmony-arm64": "0.27.2", "@esbuild/sunos-x64": "0.27.2", "@esbuild/win32-arm64": "0.27.2", "@esbuild/win32-ia32": "0.27.2", "@esbuild/win32-x64": "0.27.2" }, "bin": { "esbuild": "bin/esbuild" } }, "sha512-HyNQImnsOC7X9PMNaCIeAm4ISCQXs5a5YasTXVliKv4uuBo1dKrG0A+uQS8M5eXjVMnLg3WgXaKvprHlFJQffw=="],

    "escalade": ["escalade@3.2.0", "", {}, "sha512-WUj2qlxaQtO4g6Pq5c29GTcWGDyd8itL8zTlipgECz3JesAiiOKotd8JU6otB3PACgG6xkJUyVhboMS+bje/jA=="],

    "estree-walker": ["estree-walker@3.0.3", "", { "dependencies": { "@types/estree": "^1.0.0" } }, "sha512-7RUKfXgSMMkzt6ZuXmqapOurLGPPfgj6l9uRZ7lRGolvk0y2yocc35LdcxKC5PQZdn2DMqioAQ2NoWcrTKmm6g=="],

    "expect-type": ["expect-type@1.3.0", "", {}, "sha512-knvyeauYhqjOYvQ66MznSMs83wmHrCycNEN6Ao+2AeYEfxUIkuiVxdEa1qlGEPK+We3n0THiDciYSsCcgW/DoA=="],

    "fdir": ["fdir@6.5.0", "", { "peerDependencies": { "picomatch": "^3 || ^4" }, "optionalPeers": ["picomatch"] }, "sha512-tIbYtZbucOs0BRGqPJkshJUYdL+SDH7dVM8gjy+ERp3WAUjLEFJE+02kanyHtwjWOnwrKYBiwAmM0p4kLJAnXg=="],

    "fsevents": ["fsevents@2.3.3", "", { "os": "darwin" }, "sha512-5xoDfX+fL7faATnagmWPpbFtwh/R77WmMMqqHGS65C3vvB0YHrgF+B1YmZ3441tMj5n63k0212XNoJwzlhffQw=="],

    "function-bind": ["function-bind@1.1.2", "", {}, "sha512-7XHNxH7qX9xG5mIwxkhumTox/MIRNcOgDrxWsMt2pAr23WHp6MrRlN7FBSFpCpr+oVO0F744iUgR82nJMfG2SA=="],

    "get-caller-file": ["get-caller-file@2.0.5", "", {}, "sha512-DyFP3BM/3YHTQOCUL/w0OZHR0lpKeGrxotcHWcqNEdnltqFwXVfhEBQ94eIo34AfQpo0rGki4cyIiftY06h2Fg=="],

    "get-tsconfig": ["get-tsconfig@4.13.0", "", { "dependencies": { "resolve-pkg-maps": "^1.0.0" } }, "sha512-1VKTZJCwBrvbd+Wn3AOgQP/2Av+TfTCOlE4AcRJE72W1ksZXbAx8PPBR9RzgTeSPzlPMHrbANMH3LbltH73wxQ=="],

    "has-flag": ["has-flag@4.0.0", "", {}, "sha512-EykJT/Q1KjTWctppgIAgfSO0tKVuZUjhgMr17kqTumMl6Afv3EISleU7qZUzoXDFTAHTDC4NOoG/ZxU3EvlMPQ=="],

    "hasown": ["hasown@2.0.2", "", { "dependencies": { "function-bind": "^1.1.2" } }, "sha512-0hJU9SCPvmMzIBdZFqNPXWa6dqh7WdH0cII9y+CyS8rG3nL48Bclra9HmKhVVUHyPWNH5Y7xDwAB7bfgSjkUMQ=="],

    "html-escaper": ["html-escaper@2.0.2", "", {}, "sha512-H2iMtd0I4Mt5eYiapRdIDjp+XzelXQ0tFE4JS7YFwFevXXMmOp9myNrUvCg0D6ws8iqkRPBfKHgbwig1SmlLfg=="],

    "is-core-module": ["is-core-module@2.16.1", "", { "dependencies": { "hasown": "^2.0.2" } }, "sha512-UfoeMA6fIJ8wTYFEUjelnaGI67v6+N7qXJEvQuIGa99l4xsCruSYOVSQ0uPANn4dAzm8lkYPaKLrrijLq7x23w=="],

    "is-fullwidth-code-point": ["is-fullwidth-code-point@3.0.0", "", {}, "sha512-zymm5+u+sCsSWyD9qNaejV3DFvhCKclKdizYaJUuHA83RLjb7nSuGnddCHGv0hk+KY7BMAlsWeK4Ueg6EV6XQg=="],

    "is-module": ["is-module@1.0.0", "", {}, "sha512-51ypPSPCoTEIN9dy5Oy+h4pShgJmPCygKfyRCISBI+JoWT/2oJvK8QPxmwv7b/p239jXrm9M1mlQbyKJ5A152g=="],

    "is-reference": ["is-reference@1.2.1", "", { "dependencies": { "@types/estree": "*" } }, "sha512-U82MsXXiFIrjCK4otLT+o2NA2Cd2g5MLoOVXUZjIOhLurrRxpEXzI8O0KZHr3IjLvlAH1kTPYSuqer5T9ZVBKQ=="],

    "istanbul-lib-coverage": ["istanbul-lib-coverage@3.2.2", "", {}, "sha512-O8dpsF+r0WV/8MNRKfnmrtCWhuKjxrq2w+jpzBL5UZKTi2LeVWnWOmWRxFlesJONmc+wLAGvKQZEOanko0LFTg=="],

    "istanbul-lib-report": ["istanbul-lib-report@3.0.1", "", { "dependencies": { "istanbul-lib-coverage": "^3.0.0", "make-dir": "^4.0.0", "supports-color": "^7.1.0" } }, "sha512-GCfE1mtsHGOELCU8e/Z7YWzpmybrx/+dSTfLrvY8qRmaY6zXTKWn6WQIjaAFw069icm6GVMNkgu0NzI4iPZUNw=="],

    "istanbul-lib-source-maps": ["istanbul-lib-source-maps@5.0.6", "", { "dependencies": { "@jridgewell/trace-mapping": "^0.3.23", "debug": "^4.1.1", "istanbul-lib-coverage": "^3.0.0" } }, "sha512-yg2d+Em4KizZC5niWhQaIomgf5WlL4vOOjZ5xGCmF8SnPE/mDWWXgvRExdcpCgh9lLRRa1/fSYp2ymmbJ1pI+A=="],

    "istanbul-reports": ["istanbul-reports@3.2.0", "", { "dependencies": { "html-escaper": "^2.0.0", "istanbul-lib-report": "^3.0.0" } }, "sha512-HGYWWS/ehqTV3xN10i23tkPkpH46MLCIMFNCaaKNavAXTF1RkqxawEPtnjnGZ6XKSInBKkiOA5BKS+aZiY3AvA=="],

    "js-tokens": ["js-tokens@9.0.1", "", {}, "sha512-mxa9E9ITFOt0ban3j6L5MpjwegGz6lBQmM1IJkWeBZGcMxto50+eWdjC/52xDbS2vy0k7vIMK0Fe2wfL9OQSpQ=="],

    "magic-string": ["magic-string@0.30.21", "", { "dependencies": { "@jridgewell/sourcemap-codec": "^1.5.5" } }, "sha512-vd2F4YUyEXKGcLHoq+TEyCjxueSeHnFxyyjNp80yg0XV4vUhnDer/lvvlqM/arB5bXQN5K2/3oinyCRyx8T2CQ=="],

    "magicast": ["magicast@0.5.1", "", { "dependencies": { "@babel/parser": "^7.28.5", "@babel/types": "^7.28.5", "source-map-js": "^1.2.1" } }, "sha512-xrHS24IxaLrvuo613F719wvOIv9xPHFWQHuvGUBmPnCA/3MQxKI3b+r7n1jAoDHmsbC5bRhTZYR77invLAxVnw=="],

    "make-dir": ["make-dir@4.0.0", "", { "dependencies": { "semver": "^7.5.3" } }, "sha512-hXdUTZYIVOt1Ex//jAQi+wTZZpUpwBj/0QsOzqegb3rGMMeJiSEu5xLHnYfBrRV4RH2+OCSOO95Is/7x1WJ4bw=="],

    "ms": ["ms@2.1.3", "", {}, "sha512-6FlzubTLZG3J2a/NVCAleEhjzq5oxgHyaCU9yYXvcLsvoVaHJq/s5xXI6/XXP6tz7R9xAOtHnSO/tXtF3WRTlA=="],

    "nanoid": ["nanoid@3.3.11", "", { "bin": { "nanoid": "bin/nanoid.cjs" } }, "sha512-N8SpfPUnUp1bK+PMYW8qSWdl9U+wwNWI4QKxOYDy9JAro3WMX7p2OeVRF9v+347pnakNevPmiHhNmZ2HbFA76w=="],

    "nanospinner": ["nanospinner@1.2.2", "", { "dependencies": { "picocolors": "^1.1.1" } }, "sha512-Zt/AmG6qRU3e+WnzGGLuMCEAO/dAu45stNbHY223tUxldaDAeE+FxSPsd9Q+j+paejmm0ZbrNVs5Sraqy3dRxA=="],

    "obug": ["obug@2.1.1", "", {}, "sha512-uTqF9MuPraAQ+IsnPf366RG4cP9RtUi7MLO1N3KEc+wb0a6yKpeL0lmk2IB1jY5KHPAlTc6T/JRdC/YqxHNwkQ=="],

    "oxfmt": ["oxfmt@0.21.0", "", { "dependencies": { "tinypool": "2.0.0" }, "optionalDependencies": { "@oxfmt/darwin-arm64": "0.21.0", "@oxfmt/darwin-x64": "0.21.0", "@oxfmt/linux-arm64-gnu": "0.21.0", "@oxfmt/linux-arm64-musl": "0.21.0", "@oxfmt/linux-x64-gnu": "0.21.0", "@oxfmt/linux-x64-musl": "0.21.0", "@oxfmt/win32-arm64": "0.21.0", "@oxfmt/win32-x64": "0.21.0" }, "bin": { "oxfmt": "bin/oxfmt" } }, "sha512-EXK5pd1kGbI8hp9Ld69oy/ObAoe+gfH3dYHBviKqwSAHNkAHiqxWF1hnrWj5oun1GnQ8bVpqBMMVXJESMx6/+g=="],

    "oxlint": ["oxlint@1.41.0", "", { "optionalDependencies": { "@oxlint/darwin-arm64": "1.41.0", "@oxlint/darwin-x64": "1.41.0", "@oxlint/linux-arm64-gnu": "1.41.0", "@oxlint/linux-arm64-musl": "1.41.0", "@oxlint/linux-x64-gnu": "1.41.0", "@oxlint/linux-x64-musl": "1.41.0", "@oxlint/win32-arm64": "1.41.0", "@oxlint/win32-x64": "1.41.0" }, "peerDependencies": { "oxlint-tsgolint": ">=0.11.1" }, "optionalPeers": ["oxlint-tsgolint"], "bin": { "oxlint": "bin/oxlint" } }, "sha512-Dyaoup82uhgAgp5xLNt4dPdvl5eSJTIzqzL7DcKbkooUE4PDViWURIPlSUF8hu5a+sCnNIp/LlQMDsKoyaLTBA=="],

    "path-parse": ["path-parse@1.0.7", "", {}, "sha512-LDJzPVEEEPR+y48z93A0Ed0yXb8pAByGWo/k5YYdYgpY2/2EsOsksJrq7lOHxryrVOn1ejG6oAp8ahvOIQD8sw=="],

    "pathe": ["pathe@2.0.3", "", {}, "sha512-WUjGcAqP1gQacoQe+OBJsFA7Ld4DyXuUIjZ5cc75cLHvJ7dtNsTugphxIADwspS+AraAUePCKrSVtPLFj/F88w=="],

    "picocolors": ["picocolors@1.1.1", "", {}, "sha512-xceH2snhtb5M9liqDsmEw56le376mTZkEX/jEb/RxNFyegNul7eNslCXP9FDj/Lcu0X8KEyMceP2ntpaHrDEVA=="],

    "picomatch": ["picomatch@4.0.3", "", {}, "sha512-5gTmgEY/sqK6gFXLIsQNH19lWb4ebPDLA4SdLP7dsWkIXHWlG66oPuVvXSGFPppYZz8ZDZq0dYYrbHfBCVUb1Q=="],

    "postcss": ["postcss@8.5.6", "", { "dependencies": { "nanoid": "^3.3.11", "picocolors": "^1.1.1", "source-map-js": "^1.2.1" } }, "sha512-3Ybi1tAuwAP9s0r1UQ2J4n5Y0G05bJkpUIO0/bI9MhwmD70S5aTWbXGBwxHrelT+XM1k6dM0pk+SwNkpTRN7Pg=="],

    "pretty-bytes": ["pretty-bytes@5.6.0", "", {}, "sha512-FFw039TmrBqFK8ma/7OL3sDz/VytdtJr044/QUJtH0wK9lb9jLq9tJyIxUwtQJHwar2BqtiA4iCWSwo9JLkzFg=="],

    "require-directory": ["require-directory@2.1.1", "", {}, "sha512-fGxEI7+wsG9xrvdjsrlmL22OMTTiHRwAMroiEeMgq8gzoLC/PQr7RsRDSTLUg/bZAZtF+TVIkHc6/4RIKrui+Q=="],

    "resolve": ["resolve@1.22.11", "", { "dependencies": { "is-core-module": "^2.16.1", "path-parse": "^1.0.7", "supports-preserve-symlinks-flag": "^1.0.0" }, "bin": { "resolve": "bin/resolve" } }, "sha512-RfqAvLnMl313r7c9oclB1HhUEAezcpLjz95wFH4LVuhk9JF/r22qmVP9AMmOU4vMX7Q8pN8jwNg/CSpdFnMjTQ=="],

    "resolve-pkg-maps": ["resolve-pkg-maps@1.0.0", "", {}, "sha512-seS2Tj26TBVOC2NIc2rOe2y2ZO7efxITtLZcGSOnHHNOQ7CkiUBfw0Iw2ck6xkIhPwLhKNLS8BO+hEpngQlqzw=="],

    "rollup": ["rollup@4.56.0", "", { "dependencies": { "@types/estree": "1.0.8" }, "optionalDependencies": { "@rollup/rollup-android-arm-eabi": "4.56.0", "@rollup/rollup-android-arm64": "4.56.0", "@rollup/rollup-darwin-arm64": "4.56.0", "@rollup/rollup-darwin-x64": "4.56.0", "@rollup/rollup-freebsd-arm64": "4.56.0", "@rollup/rollup-freebsd-x64": "4.56.0", "@rollup/rollup-linux-arm-gnueabihf": "4.56.0", "@rollup/rollup-linux-arm-musleabihf": "4.56.0", "@rollup/rollup-linux-arm64-gnu": "4.56.0", "@rollup/rollup-linux-arm64-musl": "4.56.0", "@rollup/rollup-linux-loong64-gnu": "4.56.0", "@rollup/rollup-linux-loong64-musl": "4.56.0", "@rollup/rollup-linux-ppc64-gnu": "4.56.0", "@rollup/rollup-linux-ppc64-musl": "4.56.0", "@rollup/rollup-linux-riscv64-gnu": "4.56.0", "@rollup/rollup-linux-riscv64-musl": "4.56.0", "@rollup/rollup-linux-s390x-gnu": "4.56.0", "@rollup/rollup-linux-x64-gnu": "4.56.0", "@rollup/rollup-linux-x64-musl": "4.56.0", "@rollup/rollup-openbsd-x64": "4.56.0", "@rollup/rollup-openharmony-arm64": "4.56.0", "@rollup/rollup-win32-arm64-msvc": "4.56.0", "@rollup/rollup-win32-ia32-msvc": "4.56.0", "@rollup/rollup-win32-x64-gnu": "4.56.0", "@rollup/rollup-win32-x64-msvc": "4.56.0", "fsevents": "~2.3.2" }, "bin": { "rollup": "dist/bin/rollup" } }, "sha512-9FwVqlgUHzbXtDg9RCMgodF3Ua4Na6Gau+Sdt9vyCN4RhHfVKX2DCHy3BjMLTDd47ITDhYAnTwGulWTblJSDLg=="],

    "rollup-plugin-dts": ["rollup-plugin-dts@6.3.0", "", { "dependencies": { "magic-string": "^0.30.21" }, "optionalDependencies": { "@babel/code-frame": "^7.27.1" }, "peerDependencies": { "rollup": "^3.29.4 || ^4", "typescript": "^4.5 || ^5.0" } }, "sha512-d0UrqxYd8KyZ6i3M2Nx7WOMy708qsV/7fTHMHxCMCBOAe3V/U7OMPu5GkX8hC+cmkHhzGnfeYongl1IgiooddA=="],

    "rollup-plugin-swc3": ["rollup-plugin-swc3@0.11.2", "", { "dependencies": { "@fastify/deepmerge": "^1.3.0", "@rollup/pluginutils": "^5.1.0", "get-tsconfig": "^4.7.3", "rollup-preserve-directives": "^1.1.1" }, "peerDependencies": { "@swc/core": ">=1.2.165", "rollup": "^2.0.0 || ^3.0.0 || ^4.0.0" } }, "sha512-o1ih9B806fV2wBSNk46T0cYfTF2eiiKmYXRpWw3K4j/Cp3tCAt10UCVsTqvUhGP58pcB3/GZcAVl5e7TCSKN6Q=="],

    "rollup-preserve-directives": ["rollup-preserve-directives@1.1.3", "", { "dependencies": { "magic-string": "^0.30.5" }, "peerDependencies": { "rollup": "^2.0.0 || ^3.0.0 || ^4.0.0" } }, "sha512-oXqxd6ZzkoQej8Qt0k+S/yvO2+S4CEVEVv2g85oL15o0cjAKTKEuo2MzyA8FcsBBXbtytBzBMFAbhvQg4YyPUQ=="],

    "semver": ["semver@7.7.3", "", { "bin": { "semver": "bin/semver.js" } }, "sha512-SdsKMrI9TdgjdweUSR9MweHA4EJ8YxHn8DFaDisvhVlUOe4BF1tLD7GAj0lIqWVl+dPb/rExr0Btby5loQm20Q=="],

    "siginfo": ["siginfo@2.0.0", "", {}, "sha512-ybx0WO1/8bSBLEWXZvEd7gMW3Sn3JFlW3TvX1nREbDLRNQNaeNN8WK0meBwPdAaOI7TtRRRJn/Es1zhrrCHu7g=="],

    "source-map": ["source-map@0.6.1", "", {}, "sha512-UjgapumWlbMhkBgzT7Ykc5YXUT46F0iKu8SGXq0bcwP5dz/h0Plj6enJqjz1Zbq2l5WaqYnrVbwWOWMyF3F47g=="],

    "source-map-js": ["source-map-js@1.2.1", "", {}, "sha512-UXWMKhLOwVKb728IUtQPXxfYU+usdybtUrK/8uGE8CQMvrhOpwvzDBwj0QhSL7MQc7vIsISBG8VQ8+IDQxpfQA=="],

    "stackback": ["stackback@0.0.2", "", {}, "sha512-1XMJE5fQo1jGH6Y/7ebnwPOBEkIEnT4QF32d5R1+VXdXveM0IBMJt8zfaxX1P3QhVwrYe+576+jkANtSS2mBbw=="],

    "std-env": ["std-env@3.10.0", "", {}, "sha512-5GS12FdOZNliM5mAOxFRg7Ir0pWz8MdpYm6AY6VPkGpbA7ZzmbzNcBJQ0GPvvyWgcY7QAhCgf9Uy89I03faLkg=="],

    "string-width": ["string-width@4.2.3", "", { "dependencies": { "emoji-regex": "^8.0.0", "is-fullwidth-code-point": "^3.0.0", "strip-ansi": "^6.0.1" } }, "sha512-wKyQRQpjJ0sIp62ErSZdGsjMJWsap5oRNihHhu6G7JVO/9jIB6UyevL+tXuOqrng8j/cxKTWyWUwvSTriiZz/g=="],

    "strip-ansi": ["strip-ansi@6.0.1", "", { "dependencies": { "ansi-regex": "^5.0.1" } }, "sha512-Y38VPSHcqkFrCpFnQ9vuSXmquuv5oXOKpGeT6aGrr3o3Gc9AlVa6JBfUSOCnbxGGZF+/0ooI7KrPuUSztUdU5A=="],

    "supports-color": ["supports-color@7.2.0", "", { "dependencies": { "has-flag": "^4.0.0" } }, "sha512-qpCAvRl9stuOHveKsn7HncJRvv501qIacKzQlO/+Lwxc9+0q2wLyv4Dfvt80/DPn2pqOBsJdDiogXGR9+OvwRw=="],

    "supports-preserve-symlinks-flag": ["supports-preserve-symlinks-flag@1.0.0", "", {}, "sha512-ot0WnXS9fgdkgIcePe6RHNk1WA8+muPa6cSjeR3V8K27q9BB1rTE3R1p7Hv0z1ZyAc8s6Vvv8DIyWf681MAt0w=="],

    "tinybench": ["tinybench@2.9.0", "", {}, "sha512-0+DUvqWMValLmha6lr4kD8iAMK1HzV0/aKnCtWb9v9641TnP/MFb7Pc2bxoxQjTXAErryXVgUOfv2YqNllqGeg=="],

    "tinyexec": ["tinyexec@1.0.2", "", {}, "sha512-W/KYk+NFhkmsYpuHq5JykngiOCnxeVL8v8dFnqxSD8qEEdRfXk1SDM6JzNqcERbcGYj9tMrDQBYV9cjgnunFIg=="],

    "tinyglobby": ["tinyglobby@0.2.15", "", { "dependencies": { "fdir": "^6.5.0", "picomatch": "^4.0.3" } }, "sha512-j2Zq4NyQYG5XMST4cbs02Ak8iJUdxRM0XI5QyxXuZOzKOINmWurp3smXu3y5wDcJrptwpSjgXHzIQxR0omXljQ=="],

    "tinypool": ["tinypool@2.0.0", "", {}, "sha512-/RX9RzeH2xU5ADE7n2Ykvmi9ED3FBGPAjw9u3zucrNNaEBIO0HPSYgL0NT7+3p147ojeSdaVu08F6hjpv31HJg=="],

    "tinyrainbow": ["tinyrainbow@3.0.3", "", {}, "sha512-PSkbLUoxOFRzJYjjxHJt9xro7D+iilgMX/C9lawzVuYiIdcihh9DXmVibBe8lmcFrRi/VzlPjBxbN7rH24q8/Q=="],

    "tslib": ["tslib@2.8.1", "", {}, "sha512-oJFu94HQb+KVduSUQL7wnpmqnfmLsOA/nAh6b6EH0wCEoK0/mPeXU6c3wKDV83MkOuHPRHtSXKKU99IBazS/2w=="],

    "typescript": ["typescript@5.9.3", "", { "bin": { "tsc": "bin/tsc", "tsserver": "bin/tsserver" } }, "sha512-jl1vZzPDinLr9eUt3J/t7V6FgNEw9QjvBPdysz9KfQDD41fQrC2Y4vKQdiaUpFT4bXlb1RHhLpp8wtm6M5TgSw=="],

    "undici-types": ["undici-types@7.16.0", "", {}, "sha512-Zz+aZWSj8LE6zoxD+xrjh4VfkIG8Ya6LvYkZqtUQGJPZjYl53ypCaUwWqo7eI0x66KBGeRo+mlBEkMSeSZ38Nw=="],

    "vite": ["vite@7.3.1", "", { "dependencies": { "esbuild": "^0.27.0", "fdir": "^6.5.0", "picomatch": "^4.0.3", "postcss": "^8.5.6", "rollup": "^4.43.0", "tinyglobby": "^0.2.15" }, "optionalDependencies": { "fsevents": "~2.3.3" }, "peerDependencies": { "@types/node": "^20.19.0 || >=22.12.0", "jiti": ">=1.21.0", "less": "^4.0.0", "lightningcss": "^1.21.0", "sass": "^1.70.0", "sass-embedded": "^1.70.0", "stylus": ">=0.54.8", "sugarss": "^5.0.0", "terser": "^5.16.0", "tsx": "^4.8.1", "yaml": "^2.4.2" }, "optionalPeers": ["@types/node", "jiti", "less", "lightningcss", "sass", "sass-embedded", "stylus", "sugarss", "terser", "tsx", "yaml"], "bin": { "vite": "bin/vite.js" } }, "sha512-w+N7Hifpc3gRjZ63vYBXA56dvvRlNWRczTdmCBBa+CotUzAPf5b7YMdMR/8CQoeYE5LX3W4wj6RYTgonm1b9DA=="],

    "vitest": ["vitest@4.0.16", "", { "dependencies": { "@vitest/expect": "4.0.16", "@vitest/mocker": "4.0.16", "@vitest/pretty-format": "4.0.16", "@vitest/runner": "4.0.16", "@vitest/snapshot": "4.0.16", "@vitest/spy": "4.0.16", "@vitest/utils": "4.0.16", "es-module-lexer": "^1.7.0", "expect-type": "^1.2.2", "magic-string": "^0.30.21", "obug": "^2.1.1", "pathe": "^2.0.3", "picomatch": "^4.0.3", "std-env": "^3.10.0", "tinybench": "^2.9.0", "tinyexec": "^1.0.2", "tinyglobby": "^0.2.15", "tinyrainbow": "^3.0.3", "vite": "^6.0.0 || ^7.0.0", "why-is-node-running": "^2.3.0" }, "peerDependencies": { "@edge-runtime/vm": "*", "@opentelemetry/api": "^1.9.0", "@types/node": "^20.0.0 || ^22.0.0 || >=24.0.0", "@vitest/browser-playwright": "4.0.16", "@vitest/browser-preview": "4.0.16", "@vitest/browser-webdriverio": "4.0.16", "@vitest/ui": "4.0.16", "happy-dom": "*", "jsdom": "*" }, "optionalPeers": ["@edge-runtime/vm", "@opentelemetry/api", "@types/node", "@vitest/browser-playwright", "@vitest/browser-preview", "@vitest/browser-webdriverio", "@vitest/ui", "happy-dom", "jsdom"], "bin": { "vitest": "vitest.mjs" } }, "sha512-E4t7DJ9pESL6E3I8nFjPa4xGUd3PmiWDLsDztS2qXSJWfHtbQnwAWylaBvSNY48I3vr8PTqIZlyK8TE3V3CA4Q=="],

    "why-is-node-running": ["why-is-node-running@2.3.0", "", { "dependencies": { "siginfo": "^2.0.0", "stackback": "0.0.2" }, "bin": { "why-is-node-running": "cli.js" } }, "sha512-hUrmaWBdVDcxvYqnyh09zunKzROWjbZTiNy8dBEjkS7ehEDQibXJ7XvlmtbwuTclUiIyN+CyXQD4Vmko8fNm8w=="],

    "wrap-ansi": ["wrap-ansi@7.0.0", "", { "dependencies": { "ansi-styles": "^4.0.0", "string-width": "^4.1.0", "strip-ansi": "^6.0.0" } }, "sha512-YVGIj2kamLSTxw6NsZjoBxfSwsn0ycdesmc4p+Q21c5zPuZ1pl+NfxVdxPtdHvmNVOQ6XSYG4AUtyt/Fi7D16Q=="],

    "y18n": ["y18n@5.0.8", "", {}, "sha512-0pfFzegeDWJHJIAmTLRP2DwHjdF5s7jo9tuztdQxAhINCdvS+3nGINqPd00AphqJR/0LhANUS6/+7SCb98YOfA=="],

    "yargs": ["yargs@17.7.2", "", { "dependencies": { "cliui": "^8.0.1", "escalade": "^3.1.1", "get-caller-file": "^2.0.5", "require-directory": "^2.1.1", "string-width": "^4.2.3", "y18n": "^5.0.5", "yargs-parser": "^21.1.1" } }, "sha512-7dSzzRQ++CKnNI/krKnYRV7JKKPUXMEh61soaHKg9mrWEhzFWhFnxPxGl+69cD1Ou63C13NUPCnmIcrvqCuM6w=="],

    "yargs-parser": ["yargs-parser@21.1.1", "", {}, "sha512-tVpsJW7DdjecAiFpbIB1e3qxIQsE6NoPc5/eTdrbbIC4h0LVsWhnoa3g+m2HclBIujHzsxZ4VJVA+GUuc2/LBw=="],

    "@babel/code-frame/js-tokens": ["js-tokens@4.0.0", "", {}, "sha512-RdJUflcE3cUzKiMqQgsCu06FPu9UdIJO0beYbPhHN4k6apgJtifcoCtT9bcxOpYBtpD2kCM6Sbzg4CausW/PKQ=="],

    "@rollup/plugin-commonjs/estree-walker": ["estree-walker@2.0.2", "", {}, "sha512-Rfkk/Mp/DL7JVje3u18FxFujQlTNR2q6QfMSMB7AvCBx91NGj/ba3kCfza0f6dVDbw7YlRf/nDrn7pQrCCyQ/w=="],

    "@rollup/pluginutils/estree-walker": ["estree-walker@2.0.2", "", {}, "sha512-Rfkk/Mp/DL7JVje3u18FxFujQlTNR2q6QfMSMB7AvCBx91NGj/ba3kCfza0f6dVDbw7YlRf/nDrn7pQrCCyQ/w=="],
  }
}
